
Microsoft Visual Studio Solution File, Format Version 12.00
# Visual Studio Version 17
VisualStudioVersion = 17.3.32929.385
MinimumVisualStudioVersion = 10.0.40219.1
Project("{FAE04EC0-301F-11D3-BF4B-00C04F79EFBC}") = "TestGit", "TestGit\TestGit.csproj", "{1964DDCC-28B8-4EFF-9713-B7A70CB101B9}"
EndProject
Global
	GlobalSection(SolutionConfigurationPlatforms) = preSolution
		Debug|Any CPU = Debug|Any CPU
		Release|Any CPU = Release|Any CPU
	EndGlobalSection
	GlobalSection(ProjectConfigurationPlatforms) = postSolution
		{1964DDCC-28B8-4EFF-9713-B7A70CB101B9}.Debug|Any CPU.ActiveCfg = Debug|Any CPU
		{1964DDCC-28B8-4EFF-9713-B7A70CB101B9}.Debug|Any CPU.Build.0 = Debug|Any CPU
		{1964DDCC-28B8-4EFF-9713-B7A70CB101B9}.Release|Any CPU.ActiveCfg = Release|Any CPU
		{1964DDCC-28B8-4EFF-9713-B7A70CB101B9}.Release|Any CPU.Build.0 = Release|Any CPU
	EndGlobalSection
	GlobalSection(SolutionProperties) = preSolution
		HideSolutionNode = FALSE
	EndGlobalSection
	GlobalSection(ExtensibilityGlobals) = postSolution
		SolutionGuid = {69948C60-C9EF-43B0-86E7-6DA4E208A391}
	EndGlobalSection
EndGlobal
